PODS:
  - Flutter (1.0.0)
  - gal (1.0.0):
    - Flutter
  - llama_cpp (0.0.1)

DEPENDENCIES:
  - Flutter (from `Flutter`)
  - gal (from `.symlinks/plugins/gal/ios`)
  - llama_cpp (from `.`)

EXTERNAL SOURCES:
  Flutter:
    :path: Flutter
  gal:
    :path: ".symlinks/plugins/gal/ios"
  llama_cpp:
    :path: "."

SPEC CHECKSUMS:
  Flutter: cabc95a1d2626b1b06e7179b784ebcf0c0cde467
  gal: 29e711cd17bccb47f839d9b30afe9bc9750950b2
  llama_cpp: a5b0ad35de3b22a05eda973bde2d067916d844be

PODFILE CHECKSUM: 35b2091c516ad70772f6ff022a1b7c73b47ccac1

COCOAPODS: 1.16.2
